
Microsoft Visual Studio Solution File, Format Version 12.00
# Visual Studio Version 17
VisualStudioVersion = 17.13.35931.197
MinimumVisualStudioVersion = 10.0.40219.1
Project("{FAE04EC0-301F-11D3-BF4B-00C04F79EFBC}") = "MHSqlitePakRepacker", "MHSqlitePakRepacker\MHSqlitePakRepacker.csproj", "{CDEF092A-9861-A04A-BE87-C939FAE6E5AB}"
EndProject
Global
	GlobalSection(SolutionConfigurationPlatforms) = preSolution
		Debug|Any CPU = Debug|Any CPU
		Release|Any CPU = Release|Any CPU
	EndGlobalSection
	GlobalSection(ProjectConfigurationPlatforms) = postSolution
		{CDEF092A-9861-A04A-BE87-C939FAE6E5AB}.Debug|Any CPU.ActiveCfg = Debug|Any CPU
		{CDEF092A-9861-A04A-BE87-C939FAE6E5AB}.Debug|Any CPU.Build.0 = Debug|Any CPU
		{CDEF092A-9861-A04A-BE87-C939FAE6E5AB}.Release|Any CPU.ActiveCfg = Release|Any CPU
		{CDEF092A-9861-A04A-BE87-C939FAE6E5AB}.Release|Any CPU.Build.0 = Release|Any CPU
	EndGlobalSection
	GlobalSection(SolutionProperties) = preSolution
		HideSolutionNode = FALSE
	EndGlobalSection
	GlobalSection(ExtensibilityGlobals) = postSolution
		SolutionGuid = {11C4FF87-9624-4337-8F93-8C6EA61E7454}
	EndGlobalSection
EndGlobal
